// !$*UTF8*$!
{
	archiveVersion = 1;
	classes = {
	};
	objectVersion = 56;
	objects = {

/* Begin PBXBuildFile section */
		90FA8DE22BB9609B00B5659A /* TcaNavigationApp.swift in Sources */ = {isa = PBXBuildFile; fileRef = 90FA8DE12BB9609B00B5659A /* TcaNavigationApp.swift */; };
		90FA8DE42BB9609B00B5659A /* ContentView.swift in Sources */ = {isa = PBXBuildFile; fileRef = 90FA8DE32BB9609B00B5659A /* ContentView.swift */; };
		90FA8DE62BB9609C00B5659A /* Assets.xcassets in Resources */ = {isa = PBXBuildFile; fileRef = 90FA8DE52BB9609C00B5659A /* Assets.xcassets */; };
		90FA8DEA2BB9609C00B5659A /* Preview Assets.xcassets in Resources */ = {isa = PBXBuildFile; fileRef = 90FA8DE92BB9609C00B5659A /* Preview Assets.xcassets */; };
		90FA8DF22BB9742200B5659A /* ComposableArchitecture in Frameworks */ = {isa = PBXBuildFile; productRef = 90FA8DF12BB9742200B5659A /* ComposableArchitecture */; };
		90FA8DF52BB9749800B5659A /* ContactsFeature.swift in Sources */ = {isa = PBXBuildFile; fileRef = 90FA8DF42BB9749800B5659A /* ContactsFeature.swift */; };
		90FA8DF72BB9751800B5659A /* ContactsView.swift in Sources */ = {isa = PBXBuildFile; fileRef = 90FA8DF62BB9751800B5659A /* ContactsView.swift */; };
		90FA8DF92BB977F400B5659A /* AddContactFeature.swift in Sources */ = {isa = PBXBuildFile; fileRef = 90FA8DF82BB977F400B5659A /* AddContactFeature.swift */; };
		90FA8DFB2BB9784100B5659A /* AddContactView.swift in Sources */ = {isa = PBXBuildFile; fileRef = 90FA8DFA2BB9784100B5659A /* AddContactView.swift */; };
		90FA8E0C2BBB066F00B5659A /* ContactsFeatureTest.swift in Sources */ = {isa = PBXBuildFile; fileRef = 90FA8E0B2BBB066F00B5659A /* ContactsFeatureTest.swift */; };
/* End PBXBuildFile section */

/* Begin PBXContainerItemProxy section */
		90FA8E042BBB052500B5659A /* PBXContainerItemProxy */ = {
			isa = PBXContainerItemProxy;
			containerPortal = 90FA8DD62BB9609B00B5659A /* Project object */;
			proxyType = 1;
			remoteGlobalIDString = 90FA8DDD2BB9609B00B5659A;
			remoteInfo = TcaNavigation;
		};
/* End PBXContainerItemProxy section */

/* Begin PBXFileReference section */
		90FA8DDE2BB9609B00B5659A /* TcaNavigation.app */ = {isa = PBXFileReference; explicitFileType = wrapper.application; includeInIndex = 0; path = TcaNavigation.app; sourceTree = BUILT_PRODUCTS_DIR; };
		90FA8DE12BB9609B00B5659A /* TcaNavigationApp.swift */ = {isa = PBXFileReference; lastKnownFileType = sourcecode.swift; path = TcaNavigationApp.swift; sourceTree = "<group>"; };
		90FA8DE32BB9609B00B5659A /* ContentView.swift */ = {isa = PBXFileReference; lastKnownFileType = sourcecode.swift; path = ContentView.swift; sourceTree = "<group>"; };
		90FA8DE52BB9609C00B5659A /* Assets.xcassets */ = {isa = PBXFileReference; lastKnownFileType = folder.assetcatalog; path = Assets.xcassets; sourceTree = "<group>"; };
		90FA8DE72BB9609C00B5659A /* TcaNavigation.entitlements */ = {isa = PBXFileReference; lastKnownFileType = text.plist.entitlements; path = TcaNavigation.entitlements; sourceTree = "<group>"; };
		90FA8DE92BB9609C00B5659A /* Preview Assets.xcassets */ = {isa = PBXFileReference; lastKnownFileType = folder.assetcatalog; path = "Preview Assets.xcassets"; sourceTree = "<group>"; };
		90FA8DF42BB9749800B5659A /* ContactsFeature.swift */ = {isa = PBXFileReference; lastKnownFileType = sourcecode.swift; path = ContactsFeature.swift; sourceTree = "<group>"; };
		90FA8DF62BB9751800B5659A /* ContactsView.swift */ = {isa = PBXFileReference; lastKnownFileType = sourcecode.swift; path = ContactsView.swift; sourceTree = "<group>"; };
		90FA8DF82BB977F400B5659A /* AddContactFeature.swift */ = {isa = PBXFileReference; lastKnownFileType = sourcecode.swift; path = AddContactFeature.swift; sourceTree = "<group>"; };
		90FA8DFA2BB9784100B5659A /* AddContactView.swift */ = {isa = PBXFileReference; lastKnownFileType = sourcecode.swift; path = AddContactView.swift; sourceTree = "<group>"; };
		90FA8E002BBB052500B5659A /* TcaNavigationTests.xctest */ = {isa = PBXFileReference; explicitFileType = wrapper.cfbundle; includeInIndex = 0; path = TcaNavigationTests.xctest; sourceTree = BUILT_PRODUCTS_DIR; };
		90FA8E0B2BBB066F00B5659A /* ContactsFeatureTest.swift */ = {isa = PBXFileReference; fileEncoding = 4; lastKnownFileType = sourcecode.swift; path = ContactsFeatureTest.swift; sourceTree = "<group>"; };
/* End PBXFileReference section */

/* Begin PBXFrameworksBuildPhase section */
		90FA8DDB2BB9609B00B5659A /* Frameworks */ = {
			isa = PBXFrameworksBuildPhase;
			buildActionMask = 2147483647;
			files = (
				90FA8DF22BB9742200B5659A /* ComposableArchitecture in Frameworks */,
			);
			runOnlyForDeploymentPostprocessing = 0;
		};
		90FA8DFD2BBB052500B5659A /* Frameworks */ = {
			isa = PBXFrameworksBuildPhase;
			buildActionMask = 2147483647;
			files = (
			);
			runOnlyForDeploymentPostprocessing = 0;
		};
/* End PBXFrameworksBuildPhase section */

/* Begin PBXGroup section */
		90FA8DD52BB9609B00B5659A = {
			isa = PBXGroup;
			children = (
				90FA8DE02BB9609B00B5659A /* TcaNavigation */,
				90FA8E012BBB052500B5659A /* TcaNavigationTests */,
				90FA8DDF2BB9609B00B5659A /* Products */,
			);
			sourceTree = "<group>";
		};
		90FA8DDF2BB9609B00B5659A /* Products */ = {
			isa = PBXGroup;
			children = (
				90FA8DDE2BB9609B00B5659A /* TcaNavigation.app */,
				90FA8E002BBB052500B5659A /* TcaNavigationTests.xctest */,
			);
			name = Products;
			sourceTree = "<group>";
		};
		90FA8DE02BB9609B00B5659A /* TcaNavigation */ = {
			isa = PBXGroup;
			children = (
				90FA8DF32BB9748000B5659A /* ContactsFeature */,
				90FA8DE12BB9609B00B5659A /* TcaNavigationApp.swift */,
				90FA8DE32BB9609B00B5659A /* ContentView.swift */,
				90FA8DE52BB9609C00B5659A /* Assets.xcassets */,
				90FA8DE72BB9609C00B5659A /* TcaNavigation.entitlements */,
				90FA8DE82BB9609C00B5659A /* Preview Content */,
			);
			path = TcaNavigation;
			sourceTree = "<group>";
		};
		90FA8DE82BB9609C00B5659A /* Preview Content */ = {
			isa = PBXGroup;
			children = (
				90FA8DE92BB9609C00B5659A /* Preview Assets.xcassets */,
			);
			path = "Preview Content";
			sourceTree = "<group>";
		};
		90FA8DF32BB9748000B5659A /* ContactsFeature */ = {
			isa = PBXGroup;
			children = (
				90FA8DF42BB9749800B5659A /* ContactsFeature.swift */,
				90FA8DF62BB9751800B5659A /* ContactsView.swift */,
				90FA8DF82BB977F400B5659A /* AddContactFeature.swift */,
				90FA8DFA2BB9784100B5659A /* AddContactView.swift */,
			);
			path = ContactsFeature;
			sourceTree = "<group>";
		};
		90FA8E012BBB052500B5659A /* TcaNavigationTests */ = {
			isa = PBXGroup;
			children = (
				90FA8E0B2BBB066F00B5659A /* ContactsFeatureTest.swift */,
			);
			path = TcaNavigationTests;
			sourceTree = "<group>";
		};
/* End PBXGroup section */

/* Begin PBXNativeTarget section */
		90FA8DDD2BB9609B00B5659A /* TcaNavigation */ = {
			isa = PBXNativeTarget;
			buildConfigurationList = 90FA8DED2BB9609C00B5659A /* Build configuration list for PBXNativeTarget "TcaNavigation" */;
			buildPhases = (
				90FA8DDA2BB9609B00B5659A /* Sources */,
				90FA8DDB2BB9609B00B5659A /* Frameworks */,
				90FA8DDC2BB9609B00B5659A /* Resources */,
			);
			buildRules = (
			);
			dependencies = (
			);
			name = TcaNavigation;
			packageProductDependencies = (
				90FA8DF12BB9742200B5659A /* ComposableArchitecture */,
			);
			productName = TcaNavigation;
			productReference = 90FA8DDE2BB9609B00B5659A /* TcaNavigation.app */;
			productType = "com.apple.product-type.application";
		};
		90FA8DFF2BBB052500B5659A /* TcaNavigationTests */ = {
			isa = PBXNativeTarget;
			buildConfigurationList = 90FA8E062BBB052600B5659A /* Build configuration list for PBXNativeTarget "TcaNavigationTests" */;
			buildPhases = (
				90FA8DFC2BBB052500B5659A /* Sources */,
				90FA8DFD2BBB052500B5659A /* Frameworks */,
				90FA8DFE2BBB052500B5659A /* Resources */,
			);
			buildRules = (
			);
			dependencies = (
				90FA8E052BBB052500B5659A /* PBXTargetDependency */,
			);
			name = TcaNavigationTests;
			productName = TcaNavigationTests;
			productReference = 90FA8E002BBB052500B5659A /* TcaNavigationTests.xctest */;
			productType = "com.apple.product-type.bundle.unit-test";
		};
/* End PBXNativeTarget section */

/* Begin PBXProject section */
		90FA8DD62BB9609B00B5659A /* Project object */ = {
			isa = PBXProject;
			attributes = {
				BuildIndependentTargetsInParallel = 1;
				LastSwiftUpdateCheck = 1530;
				LastUpgradeCheck = 1530;
				TargetAttributes = {
					90FA8DDD2BB9609B00B5659A = {
						CreatedOnToolsVersion = 15.3;
					};
					90FA8DFF2BBB052500B5659A = {
						CreatedOnToolsVersion = 15.3;
						TestTargetID = 90FA8DDD2BB9609B00B5659A;
					};
				};
			};
			buildConfigurationList = 90FA8DD92BB9609B00B5659A /* Build configuration list for PBXProject "TcaNavigation" */;
			compatibilityVersion = "Xcode 14.0";
			developmentRegion = en;
			hasScannedForEncodings = 0;
			knownRegions = (
				en,
				Base,
			);
			mainGroup = 90FA8DD52BB9609B00B5659A;
			packageReferences = (
				90FA8DF02BB9742200B5659A /* XCRemoteSwiftPackageReference "swift-composable-architecture" */,
			);
			productRefGroup = 90FA8DDF2BB9609B00B5659A /* Products */;
			projectDirPath = "";
			projectRoot = "";
			targets = (
				90FA8DDD2BB9609B00B5659A /* TcaNavigation */,
				90FA8DFF2BBB052500B5659A /* TcaNavigationTests */,
			);
		};
/* End PBXProject section */

/* Begin PBXResourcesBuildPhase section */
		90FA8DDC2BB9609B00B5659A /* Resources */ = {
			isa = PBXResourcesBuildPhase;
			buildActionMask = 2147483647;
			files = (
				90FA8DEA2BB9609C00B5659A /* Preview Assets.xcassets in Resources */,
				90FA8DE62BB9609C00B5659A /* Assets.xcassets in Resources */,
			);
			runOnlyForDeploymentPostprocessing = 0;
		};
		90FA8DFE2BBB052500B5659A /* Resources */ = {
			isa = PBXResourcesBuildPhase;
			buildActionMask = 2147483647;
			files = (
			);
			runOnlyForDeploymentPostprocessing = 0;
		};
/* End PBXResourcesBuildPhase section */

/* Begin PBXSourcesBuildPhase section */
		90FA8DDA2BB9609B00B5659A /* Sources */ = {
			isa = PBXSourcesBuildPhase;
			buildActionMask = 2147483647;
			files = (
				90FA8DE42BB9609B00B5659A /* ContentView.swift in Sources */,
				90FA8DF92BB977F400B5659A /* AddContactFeature.swift in Sources */,
				90FA8DE22BB9609B00B5659A /* TcaNavigationApp.swift in Sources */,
				90FA8DFB2BB9784100B5659A /* AddContactView.swift in Sources */,
				90FA8DF52BB9749800B5659A /* ContactsFeature.swift in Sources */,
				90FA8DF72BB9751800B5659A /* ContactsView.swift in Sources */,
			);
			runOnlyForDeploymentPostprocessing = 0;
		};
		90FA8DFC2BBB052500B5659A /* Sources */ = {
			isa = PBXSourcesBuildPhase;
			buildActionMask = 2147483647;
			files = (
				90FA8E0C2BBB066F00B5659A /* ContactsFeatureTest.swift in Sources */,
			);
			runOnlyForDeploymentPostprocessing = 0;
		};
/* End PBXSourcesBuildPhase section */

/* Begin PBXTargetDependency section */
		90FA8E052BBB052500B5659A /* PBXTargetDependency */ = {
			isa = PBXTargetDependency;
			target = 90FA8DDD2BB9609B00B5659A /* TcaNavigation */;
			targetProxy = 90FA8E042BBB052500B5659A /* PBXContainerItemProxy */;
		};
/* End PBXTargetDependency section */

/* Begin XCBuildConfiguration section */
		90FA8DEB2BB9609C00B5659A /* Debug */ = {
			isa = XCBuildConfiguration;
			buildSettings = {
				ALWAYS_SEARCH_USER_PATHS = NO;
				ASSETCATALOG_COMPILER_GENERATE_SWIFT_ASSET_SYMBOL_EXTENSIONS = YES;
				CLANG_ANALYZER_NONNULL = YES;
				CLANG_ANALYZER_NUMBER_OBJECT_CONVERSION = YES_AGGRESSIVE;
				CLANG_CXX_LANGUAGE_STANDARD = "gnu++20";
				CLANG_ENABLE_MODULES = YES;
				CLANG_ENABLE_OBJC_ARC = YES;
				CLANG_ENABLE_OBJC_WEAK = YES;
				CLANG_WARN_BLOCK_CAPTURE_AUTORELEASING = YES;
				CLANG_WARN_BOOL_CONVERSION = YES;
				CLANG_WARN_COMMA = YES;
				CLANG_WARN_CONSTANT_CONVERSION = YES;
				CLANG_WARN_DEPRECATED_OBJC_IMPLEMENTATIONS = YES;
				CLANG_WARN_DIRECT_OBJC_ISA_USAGE = YES_ERROR;
				CLANG_WARN_DOCUMENTATION_COMMENTS = YES;
				CLANG_WARN_EMPTY_BODY = YES;
				CLANG_WARN_ENUM_CONVERSION = YES;
				CLANG_WARN_INFINITE_RECURSION = YES;
				CLANG_WARN_INT_CONVERSION = YES;
				CLANG_WARN_NON_LITERAL_NULL_CONVERSION = YES;
				CLANG_WARN_OBJC_IMPLICIT_RETAIN_SELF = YES;
				CLANG_WARN_OBJC_LITERAL_CONVERSION = YES;
				CLANG_WARN_OBJC_ROOT_CLASS = YES_ERROR;
				CLANG_WARN_QUOTED_INCLUDE_IN_FRAMEWORK_HEADER = YES;
				CLANG_WARN_RANGE_LOOP_ANALYSIS = YES;
				CLANG_WARN_STRICT_PROTOTYPES = YES;
				CLANG_WARN_SUSPICIOUS_MOVE = YES;
				CLANG_WARN_UNGUARDED_AVAILABILITY = YES_AGGRESSIVE;
				CLANG_WARN_UNREACHABLE_CODE = YES;
				CLANG_WARN__DUPLICATE_METHOD_MATCH = YES;
				COPY_PHASE_STRIP = NO;
				DEBUG_INFORMATION_FORMAT = dwarf;
				ENABLE_STRICT_OBJC_MSGSEND = YES;
				ENABLE_TESTABILITY = YES;
				ENABLE_USER_SCRIPT_SANDBOXING = YES;
				GCC_C_LANGUAGE_STANDARD = gnu17;
				GCC_DYNAMIC_NO_PIC = NO;
				GCC_NO_COMMON_BLOCKS = YES;
				GCC_OPTIMIZATION_LEVEL = 0;
				GCC_PREPROCESSOR_DEFINITIONS = (
					"DEBUG=1",
					"$(inherited)",
				);
				GCC_WARN_64_TO_32_BIT_CONVERSION = YES;
				GCC_WARN_ABOUT_RETURN_TYPE = YES_ERROR;
				GCC_WARN_UNDECLARED_SELECTOR = YES;
				GCC_WARN_UNINITIALIZED_AUTOS = YES_AGGRESSIVE;
				GCC_WARN_UNUSED_FUNCTION = YES;
				GCC_WARN_UNUSED_VARIABLE = YES;
				LOCALIZATION_PREFERS_STRING_CATALOGS = YES;
				MTL_ENABLE_DEBUG_INFO = INCLUDE_SOURCE;
				MTL_FAST_MATH = YES;
				ONLY_ACTIVE_ARCH = YES;
				SWIFT_ACTIVE_COMPILATION_CONDITIONS = "DEBUG $(inherited)";
				SWIFT_OPTIMIZATION_LEVEL = "-Onone";
			};
			name = Debug;
		};
		90FA8DEC2BB9609C00B5659A /* Release */ = {
			isa = XCBuildConfiguration;
			buildSettings = {
				ALWAYS_SEARCH_USER_PATHS = NO;
				ASSETCATALOG_COMPILER_GENERATE_SWIFT_ASSET_SYMBOL_EXTENSIONS = YES;
				CLANG_ANALYZER_NONNULL = YES;
				CLANG_ANALYZER_NUMBER_OBJECT_CONVERSION = YES_AGGRESSIVE;
				CLANG_CXX_LANGUAGE_STANDARD = "gnu++20";
				CLANG_ENABLE_MODULES = YES;
				CLANG_ENABLE_OBJC_ARC = YES;
				CLANG_ENABLE_OBJC_WEAK = YES;
				CLANG_WARN_BLOCK_CAPTURE_AUTORELEASING = YES;
				CLANG_WARN_BOOL_CONVERSION = YES;
				CLANG_WARN_COMMA = YES;
				CLANG_WARN_CONSTANT_CONVERSION = YES;
				CLANG_WARN_DEPRECATED_OBJC_IMPLEMENTATIONS = YES;
				CLANG_WARN_DIRECT_OBJC_ISA_USAGE = YES_ERROR;
				CLANG_WARN_DOCUMENTATION_COMMENTS = YES;
				CLANG_WARN_EMPTY_BODY = YES;
				CLANG_WARN_ENUM_CONVERSION = YES;
				CLANG_WARN_INFINITE_RECURSION = YES;
				CLANG_WARN_INT_CONVERSION = YES;
				CLANG_WARN_NON_LITERAL_NULL_CONVERSION = YES;
				CLANG_WARN_OBJC_IMPLICIT_RETAIN_SELF = YES;
				CLANG_WARN_OBJC_LITERAL_CONVERSION = YES;
				CLANG_WARN_OBJC_ROOT_CLASS = YES_ERROR;
				CLANG_WARN_QUOTED_INCLUDE_IN_FRAMEWORK_HEADER = YES;
				CLANG_WARN_RANGE_LOOP_ANALYSIS = YES;
				CLANG_WARN_STRICT_PROTOTYPES = YES;
				CLANG_WARN_SUSPICIOUS_MOVE = YES;
				CLANG_WARN_UNGUARDED_AVAILABILITY = YES_AGGRESSIVE;
				CLANG_WARN_UNREACHABLE_CODE = YES;
				CLANG_WARN__DUPLICATE_METHOD_MATCH = YES;
				COPY_PHASE_STRIP = NO;
				DEBUG_INFORMATION_FORMAT = "dwarf-with-dsym";
				ENABLE_NS_ASSERTIONS = NO;
				ENABLE_STRICT_OBJC_MSGSEND = YES;
				ENABLE_USER_SCRIPT_SANDBOXING = YES;
				GCC_C_LANGUAGE_STANDARD = gnu17;
				GCC_NO_COMMON_BLOCKS = YES;
				GCC_WARN_64_TO_32_BIT_CONVERSION = YES;
				GCC_WARN_ABOUT_RETURN_TYPE = YES_ERROR;
				GCC_WARN_UNDECLARED_SELECTOR = YES;
				GCC_WARN_UNINITIALIZED_AUTOS = YES_AGGRESSIVE;
				GCC_WARN_UNUSED_FUNCTION = YES;
				GCC_WARN_UNUSED_VARIABLE = YES;
				LOCALIZATION_PREFERS_STRING_CATALOGS = YES;
				MTL_ENABLE_DEBUG_INFO = NO;
				MTL_FAST_MATH = YES;
				SWIFT_COMPILATION_MODE = wholemodule;
			};
			name = Release;
		};
		90FA8DEE2BB9609C00B5659A /* Debug */ = {
			isa = XCBuildConfiguration;
			buildSettings = {
				ASSETCATALOG_COMPILER_APPICON_NAME = AppIcon;
				ASSETCATALOG_COMPILER_GLOBAL_ACCENT_COLOR_NAME = AccentColor;
				CODE_SIGN_ENTITLEMENTS = TcaNavigation/TcaNavigation.entitlements;
				CODE_SIGN_STYLE = Automatic;
				CURRENT_PROJECT_VERSION = 1;
				DEVELOPMENT_ASSET_PATHS = "\"TcaNavigation/Preview Content\"";
				DEVELOPMENT_TEAM = JND9XWCEGQ;
				ENABLE_HARDENED_RUNTIME = YES;
				ENABLE_PREVIEWS = YES;
				GENERATE_INFOPLIST_FILE = YES;
				"INFOPLIST_KEY_UIApplicationSceneManifest_Generation[sdk=iphoneos*]" = YES;
				"INFOPLIST_KEY_UIApplicationSceneManifest_Generation[sdk=iphonesimulator*]" = YES;
				"INFOPLIST_KEY_UIApplicationSupportsIndirectInputEvents[sdk=iphoneos*]" = YES;
				"INFOPLIST_KEY_UIApplicationSupportsIndirectInputEvents[sdk=iphonesimulator*]" = YES;
				"INFOPLIST_KEY_UILaunchScreen_Generation[sdk=iphoneos*]" = YES;
				"INFOPLIST_KEY_UILaunchScreen_Generation[sdk=iphonesimulator*]" = YES;
				"INFOPLIST_KEY_UIStatusBarStyle[sdk=iphoneos*]" = UIStatusBarStyleDefault;
				"INFOPLIST_KEY_UIStatusBarStyle[sdk=iphonesimulator*]" = UIStatusBarStyleDefault;
				INFOPLIST_KEY_UISupportedInterfaceOrientations_iPad = "UIInterfaceOrientationPortrait UIInterfaceOrientationPortraitUpsideDown UIInterfaceOrientationLandscapeLeft UIInterfaceOrientationLandscapeRight";
				INFOPLIST_KEY_UISupportedInterfaceOrientations_iPhone = "UIInterfaceOrientationPortrait UIInterfaceOrientationLandscapeLeft UIInterfaceOrientationLandscapeRight";
				IPHONEOS_DEPLOYMENT_TARGET = 17.4;
				LD_RUNPATH_SEARCH_PATHS = "@executable_path/Frameworks";
				"LD_RUNPATH_SEARCH_PATHS[sdk=macosx*]" = "@executable_path/../Frameworks";
				MACOSX_DEPLOYMENT_TARGET = 14.3;
				MARKETING_VERSION = 1.0;
				PRODUCT_BUNDLE_IDENTIFIER = com.dasheng.TcaNavigation;
				PRODUCT_NAME = "$(TARGET_NAME)";
				SDKROOT = auto;
				SUPPORTED_PLATFORMS = "iphoneos iphonesimulator macosx";
				SWIFT_EMIT_LOC_STRINGS = YES;
				SWIFT_VERSION = 5.0;
				TARGETED_DEVICE_FAMILY = "1,2";
			};
			name = Debug;
		};
		90FA8DEF2BB9609C00B5659A /* Release */ = {
			isa = XCBuildConfiguration;
			buildSettings = {
				ASSETCATALOG_COMPILER_APPICON_NAME = AppIcon;
				ASSETCATALOG_COMPILER_GLOBAL_ACCENT_COLOR_NAME = AccentColor;
				CODE_SIGN_ENTITLEMENTS = TcaNavigation/TcaNavigation.entitlements;
				CODE_SIGN_STYLE = Automatic;
				CURRENT_PROJECT_VERSION = 1;
				DEVELOPMENT_ASSET_PATHS = "\"TcaNavigation/Preview Content\"";
				DEVELOPMENT_TEAM = JND9XWCEGQ;
				ENABLE_HARDENED_RUNTIME = YES;
				ENABLE_PREVIEWS = YES;
				GENERATE_INFOPLIST_FILE = YES;
				"INFOPLIST_KEY_UIApplicationSceneManifest_Generation[sdk=iphoneos*]" = YES;
				"INFOPLIST_KEY_UIApplicationSceneManifest_Generation[sdk=iphonesimulator*]" = YES;
				"INFOPLIST_KEY_UIApplicationSupportsIndirectInputEvents[sdk=iphoneos*]" = YES;
				"INFOPLIST_KEY_UIApplicationSupportsIndirectInputEvents[sdk=iphonesimulator*]" = YES;
				"INFOPLIST_KEY_UILaunchScreen_Generation[sdk=iphoneos*]" = YES;
				"INFOPLIST_KEY_UILaunchScreen_Generation[sdk=iphonesimulator*]" = YES;
				"INFOPLIST_KEY_UIStatusBarStyle[sdk=iphoneos*]" = UIStatusBarStyleDefault;
				"INFOPLIST_KEY_UIStatusBarStyle[sdk=iphonesimulator*]" = UIStatusBarStyleDefault;
				INFOPLIST_KEY_UISupportedInterfaceOrientations_iPad = "UIInterfaceOrientationPortrait UIInterfaceOrientationPortraitUpsideDown UIInterfaceOrientationLandscapeLeft UIInterfaceOrientationLandscapeRight";
				INFOPLIST_KEY_UISupportedInterfaceOrientations_iPhone = "UIInterfaceOrientationPortrait UIInterfaceOrientationLandscapeLeft UIInterfaceOrientationLandscapeRight";
				IPHONEOS_DEPLOYMENT_TARGET = 17.4;
				LD_RUNPATH_SEARCH_PATHS = "@executable_path/Frameworks";
				"LD_RUNPATH_SEARCH_PATHS[sdk=macosx*]" = "@executable_path/../Frameworks";
				MACOSX_DEPLOYMENT_TARGET = 14.3;
				MARKETING_VERSION = 1.0;
				PRODUCT_BUNDLE_IDENTIFIER = com.dasheng.TcaNavigation;
				PRODUCT_NAME = "$(TARGET_NAME)";
				SDKROOT = auto;
				SUPPORTED_PLATFORMS = "iphoneos iphonesimulator macosx";
				SWIFT_EMIT_LOC_STRINGS = YES;
				SWIFT_VERSION = 5.0;
				TARGETED_DEVICE_FAMILY = "1,2";
			};
			name = Release;
		};
		90FA8E072BBB052600B5659A /* Debug */ = {
			isa = XCBuildConfiguration;
			buildSettings = {
				BUNDLE_LOADER = "$(TEST_HOST)";
				CODE_SIGN_STYLE = Automatic;
				CURRENT_PROJECT_VERSION = 1;
				DEVELOPMENT_TEAM = JND9XWCEGQ;
				GENERATE_INFOPLIST_FILE = YES;
				IPHONEOS_DEPLOYMENT_TARGET = 17.4;
				MARKETING_VERSION = 1.0;
				PRODUCT_BUNDLE_IDENTIFIER = com.dasheng.TcaNavigationTests;
				PRODUCT_NAME = "$(TARGET_NAME)";
				SDKROOT = iphoneos;
				SWIFT_EMIT_LOC_STRINGS = NO;
				SWIFT_VERSION = 5.0;
				TARGETED_DEVICE_FAMILY = "1,2";
				TEST_HOST = "$(BUILT_PRODUCTS_DIR)/TcaNavigation.app/$(BUNDLE_EXECUTABLE_FOLDER_PATH)/TcaNavigation";
			};
			name = Debug;
		};
		90FA8E082BBB052600B5659A /* Release */ = {
			isa = XCBuildConfiguration;
			buildSettings = {
				BUNDLE_LOADER = "$(TEST_HOST)";
				CODE_SIGN_STYLE = Automatic;
				CURRENT_PROJECT_VERSION = 1;
				DEVELOPMENT_TEAM = JND9XWCEGQ;
				GENERATE_INFOPLIST_FILE = YES;
				IPHONEOS_DEPLOYMENT_TARGET = 17.4;
				MARKETING_VERSION = 1.0;
				PRODUCT_BUNDLE_IDENTIFIER = com.dasheng.TcaNavigationTests;
				PRODUCT_NAME = "$(TARGET_NAME)";
				SDKROOT = iphoneos;
				SWIFT_EMIT_LOC_STRINGS = NO;
				SWIFT_VERSION = 5.0;
				TARGETED_DEVICE_FAMILY = "1,2";
				TEST_HOST = "$(BUILT_PRODUCTS_DIR)/TcaNavigation.app/$(BUNDLE_EXECUTABLE_FOLDER_PATH)/TcaNavigation";
				VALIDATE_PRODUCT = YES;
			};
			name = Release;
		};
/* End XCBuildConfiguration section */

/* Begin XCConfigurationList section */
		90FA8DD92BB9609B00B5659A /* Build configuration list for PBXProject "TcaNavigation" */ = {
			isa = XCConfigurationList;
			buildConfigurations = (
				90FA8DEB2BB9609C00B5659A /* Debug */,
				90FA8DEC2BB9609C00B5659A /* Release */,
			);
			defaultConfigurationIsVisible = 0;
			defaultConfigurationName = Release;
		};
		90FA8DED2BB9609C00B5659A /* Build configuration list for PBXNativeTarget "TcaNavigation" */ = {
			isa = XCConfigurationList;
			buildConfigurations = (
				90FA8DEE2BB9609C00B5659A /* Debug */,
				90FA8DEF2BB9609C00B5659A /* Release */,
			);
			defaultConfigurationIsVisible = 0;
			defaultConfigurationName = Release;
		};
		90FA8E062BBB052600B5659A /* Build configuration list for PBXNativeTarget "TcaNavigationTests" */ = {
			isa = XCConfigurationList;
			buildConfigurations = (
				90FA8E072BBB052600B5659A /* Debug */,
				90FA8E082BBB052600B5659A /* Release */,
			);
			defaultConfigurationIsVisible = 0;
			defaultConfigurationName = Release;
		};
/* End XCConfigurationList section */

/* Begin XCRemoteSwiftPackageReference section */
		90FA8DF02BB9742200B5659A /* XCRemoteSwiftPackageReference "swift-composable-architecture" */ = {
			isa = XCRemoteSwiftPackageReference;
			repositoryURL = "https://github.com/pointfreeco/swift-composable-architecture.git";
			requirement = {
				kind = upToNextMajorVersion;
				minimumVersion = 1.9.2;
			};
		};
/* End XCRemoteSwiftPackageReference section */

/* Begin XCSwiftPackageProductDependency section */
		90FA8DF12BB9742200B5659A /* ComposableArchitecture */ = {
			isa = XCSwiftPackageProductDependency;
			package = 90FA8DF02BB9742200B5659A /* XCRemoteSwiftPackageReference "swift-composable-architecture" */;
			productName = ComposableArchitecture;
		};
/* End XCSwiftPackageProductDependency section */
	};
	rootObject = 90FA8DD62BB9609B00B5659A /* Project object */;
}
